
Microsoft Visual Studio Solution File, Format Version 12.00
# Visual Studio 15
VisualStudioVersion = 15.0.28307.168
MinimumVisualStudioVersion = 10.0.40219.1
Project("{9A19103F-16F7-4668-BE54-9A1E7A4F7556}") = "oLeiteService", "oLeiteService\oLeiteService.csproj", "{DABA25FA-6B0F-4C1B-ACE7-43A029AAAFE7}"
EndProject
Global
	GlobalSection(SolutionConfigurationPlatforms) = preSolution
		Debug|Any CPU = Debug|Any CPU
		Release|Any CPU = Release|Any CPU
	EndGlobalSection
	GlobalSection(ProjectConfigurationPlatforms) = postSolution
		{DABA25FA-6B0F-4C1B-ACE7-43A029AAAFE7}.Debug|Any CPU.ActiveCfg = Debug|Any CPU
		{DABA25FA-6B0F-4C1B-ACE7-43A029AAAFE7}.Debug|Any CPU.Build.0 = Debug|Any CPU
		{DABA25FA-6B0F-4C1B-ACE7-43A029AAAFE7}.Release|Any CPU.ActiveCfg = Release|Any CPU
		{DABA25FA-6B0F-4C1B-ACE7-43A029AAAFE7}.Release|Any CPU.Build.0 = Release|Any CPU
	EndGlobalSection
	GlobalSection(SolutionProperties) = preSolution
		HideSolutionNode = FALSE
	EndGlobalSection
	GlobalSection(ExtensibilityGlobals) = postSolution
		SolutionGuid = {5319DA7A-5B7E-4C3E-BAD3-19E35EEC912B}
	EndGlobalSection
EndGlobal
